
Microsoft Visual Studio Solution File, Format Version 12.00
# Visual Studio Version 17
VisualStudioVersion = 17.3.32901.215
MinimumVisualStudioVersion = 10.0.40219.1
Project("{FAE04EC0-301F-11D3-BF4B-00C04F79EFBC}") = "ViewLocationExpanderExample", "ViewLocationExpanderExample\ViewLocationExpanderExample.csproj", "{46C269FA-1D44-41E8-A5B8-0ED76D588CB5}"
EndProject
Global
	GlobalSection(SolutionConfigurationPlatforms) = preSolution
		Debug|Any CPU = Debug|Any CPU
		Release|Any CPU = Release|Any CPU
	EndGlobalSection
	GlobalSection(ProjectConfigurationPlatforms) = postSolution
		{46C269FA-1D44-41E8-A5B8-0ED76D588CB5}.Debug|Any CPU.ActiveCfg = Debug|Any CPU
		{46C269FA-1D44-41E8-A5B8-0ED76D588CB5}.Debug|Any CPU.Build.0 = Debug|Any CPU
		{46C269FA-1D44-41E8-A5B8-0ED76D588CB5}.Release|Any CPU.ActiveCfg = Release|Any CPU
		{46C269FA-1D44-41E8-A5B8-0ED76D588CB5}.Release|Any CPU.Build.0 = Release|Any CPU
	EndGlobalSection
	GlobalSection(SolutionProperties) = preSolution
		HideSolutionNode = FALSE
	EndGlobalSection
	GlobalSection(ExtensibilityGlobals) = postSolution
		SolutionGuid = {5A56E50A-6C93-4C81-9B3B-652997222977}
	EndGlobalSection
EndGlobal
